
Microsoft Visual Studio Solution File, Format Version 12.00
# Visual Studio Version 16
VisualStudioVersion = 16.0.29519.87
MinimumVisualStudioVersion = 10.0.40219.1
Project("{FAE04EC0-301F-11D3-BF4B-00C04F79EFBC}") = "AucklandZoo", "AucklandZoo\AucklandZoo.csproj", "{C804FE89-A66B-4902-A5FB-6EFA0B0E8D0C}"
EndProject
Global
	GlobalSection(SolutionConfigurationPlatforms) = preSolution
		Debug|Any CPU = Debug|Any CPU
		Release|Any CPU = Release|Any CPU
	EndGlobalSection
	GlobalSection(ProjectConfigurationPlatforms) = postSolution
		{C804FE89-A66B-4902-A5FB-6EFA0B0E8D0C}.Debug|Any CPU.ActiveCfg = Debug|Any CPU
		{C804FE89-A66B-4902-A5FB-6EFA0B0E8D0C}.Debug|Any CPU.Build.0 = Debug|Any CPU
		{C804FE89-A66B-4902-A5FB-6EFA0B0E8D0C}.Release|Any CPU.ActiveCfg = Release|Any CPU
		{C804FE89-A66B-4902-A5FB-6EFA0B0E8D0C}.Release|Any CPU.Build.0 = Release|Any CPU
	EndGlobalSection
	GlobalSection(SolutionProperties) = preSolution
		HideSolutionNode = FALSE
	EndGlobalSection
	GlobalSection(ExtensibilityGlobals) = postSolution
		SolutionGuid = {E894102E-274B-4618-8806-293BF0FF3EBF}
	EndGlobalSection
EndGlobal
